// !$*UTF8*$!
{
	archiveVersion = 1;
	classes = {
	};
	objectVersion = 46;
	objects = {

/* Begin PBXBuildFile section */
		FC6CA03A19D622BC0054F5CA /* main.swift in Sources */ = {isa = PBXBuildFile; fileRef = FC6CA03919D622BC0054F5CA /* main.swift */; };
/* End PBXBuildFile section */

/* Begin PBXCopyFilesBuildPhase section */
		FC6CA03419D622BC0054F5CA /* CopyFiles */ = {
			isa = PBXCopyFilesBuildPhase;
			buildActionMask = 2147483647;
			dstPath = /usr/share/man/man1/;
			dstSubfolderSpec = 0;
			files = (
			);
			runOnlyForDeploymentPostprocessing = 1;
		};
/* End PBXCopyFilesBuildPhase section */

/* Begin PBXFileReference section */
		FC6CA03619D622BC0054F5CA /* Chapter7Swift(QuickSort) */ = {isa = PBXFileReference; explicitFileType = "compiled.mach-o.executable"; includeInIndex = 0; path = "Chapter7Swift(QuickSort)"; sourceTree = BUILT_PRODUCTS_DIR; };
		FC6CA03919D622BC0054F5CA /* main.swift */ = {isa = PBXFileReference; lastKnownFileType = sourcecode.swift; path = main.swift; sourceTree = "<group>"; };
/* End PBXFileReference section */

/* Begin PBXFrameworksBuildPhase section */
		FC6CA03319D622BC0054F5CA /* Frameworks */ = {
			isa = PBXFrameworksBuildPhase;
			buildActionMask = 2147483647;
			files = (
			);
			runOnlyForDeploymentPostprocessing = 0;
		};
/* End PBXFrameworksBuildPhase section */

/* Begin PBXGroup section */
		FC6CA02D19D622BC0054F5CA = {
			isa = PBXGroup;
			children = (
				FC6CA03819D622BC0054F5CA /* Chapter7Swift(QuickSort) */,
				FC6CA03719D622BC0054F5CA /* Products */,
			);
			sourceTree = "<group>";
		};
		FC6CA03719D622BC0054F5CA /* Products */ = {
			isa = PBXGroup;
			children = (
				FC6CA03619D622BC0054F5CA /* Chapter7Swift(QuickSort) */,
			);
			name = Products;
			sourceTree = "<group>";
		};
		FC6CA03819D622BC0054F5CA /* Chapter7Swift(QuickSort) */ = {
			isa = PBXGroup;
			children = (
				FC6CA03919D622BC0054F5CA /* main.swift */,
			);
			path = "Chapter7Swift(QuickSort)";
			sourceTree = "<group>";
		};
/* End PBXGroup section */

/* Begin PBXNativeTarget section */
		FC6CA03519D622BC0054F5CA /* Chapter7Swift(QuickSort) */ = {
			isa = PBXNativeTarget;
			buildConfigurationList = FC6CA03D19D622BC0054F5CA /* Build configuration list for PBXNativeTarget "Chapter7Swift(QuickSort)" */;
			buildPhases = (
				FC6CA03219D622BC0054F5CA /* Sources */,
				FC6CA03319D622BC0054F5CA /* Frameworks */,
				FC6CA03419D622BC0054F5CA /* CopyFiles */,
			);
			buildRules = (
			);
			dependencies = (
			);
			name = "Chapter7Swift(QuickSort)";
			productName = "Chapter7Swift(QuickSort)";
			productReference = FC6CA03619D622BC0054F5CA /* Chapter7Swift(QuickSort) */;
			productType = "com.apple.product-type.tool";
		};
/* End PBXNativeTarget section */

/* Begin PBXProject section */
		FC6CA02E19D622BC0054F5CA /* Project object */ = {
			isa = PBXProject;
			attributes = {
				LastUpgradeCheck = 0600;
				ORGANIZATIONNAME = Algorithms;
				TargetAttributes = {
					FC6CA03519D622BC0054F5CA = {
						CreatedOnToolsVersion = 6.0;
					};
				};
			};
			buildConfigurationList = FC6CA03119D622BC0054F5CA /* Build configuration list for PBXProject "Chapter7Swift(QuickSort)" */;
			compatibilityVersion = "Xcode 3.2";
			developmentRegion = English;
			hasScannedForEncodings = 0;
			knownRegions = (
				en,
			);
			mainGroup = FC6CA02D19D622BC0054F5CA;
			productRefGroup = FC6CA03719D622BC0054F5CA /* Products */;
			projectDirPath = "";
			projectRoot = "";
			targets = (
				FC6CA03519D622BC0054F5CA /* Chapter7Swift(QuickSort) */,
			);
		};
/* End PBXProject section */

/* Begin PBXSourcesBuildPhase section */
		FC6CA03219D622BC0054F5CA /* Sources */ = {
			isa = PBXSourcesBuildPhase;
			buildActionMask = 2147483647;
			files = (
				FC6CA03A19D622BC0054F5CA /* main.swift in Sources */,
			);
			runOnlyForDeploymentPostprocessing = 0;
		};
/* End PBXSourcesBuildPhase section */

/* Begin XCBuildConfiguration section */
		FC6CA03B19D622BC0054F5CA /* Debug */ = {
			isa = XCBuildConfiguration;
			buildSettings = {
				ALWAYS_SEARCH_USER_PATHS = NO;
				CLANG_CXX_LANGUAGE_STANDARD = "gnu++0x";
				CLANG_CXX_LIBRARY = "libc++";
				CLANG_ENABLE_MODULES = YES;
				CLANG_ENABLE_OBJC_ARC = YES;
				CLANG_WARN_BOOL_CONVERSION = YES;
				CLANG_WARN_CONSTANT_CONVERSION = YES;
				CLANG_WARN_DIRECT_OBJC_ISA_USAGE = YES_ERROR;
				CLANG_WARN_EMPTY_BODY = YES;
				CLANG_WARN_ENUM_CONVERSION = YES;
				CLANG_WARN_INT_CONVERSION = YES;
				CLANG_WARN_OBJC_ROOT_CLASS = YES_ERROR;
				CLANG_WARN_UNREACHABLE_CODE = YES;
				CLANG_WARN__DUPLICATE_METHOD_MATCH = YES;
				COPY_PHASE_STRIP = NO;
				ENABLE_STRICT_OBJC_MSGSEND = YES;
				GCC_C_LANGUAGE_STANDARD = gnu99;
				GCC_DYNAMIC_NO_PIC = NO;
				GCC_OPTIMIZATION_LEVEL = 0;
				GCC_PREPROCESSOR_DEFINITIONS = (
					"DEBUG=1",
					"$(inherited)",
				);
				GCC_SYMBOLS_PRIVATE_EXTERN = NO;
				GCC_WARN_64_TO_32_BIT_CONVERSION = YES;
				GCC_WARN_ABOUT_RETURN_TYPE = YES_ERROR;
				GCC_WARN_UNDECLARED_SELECTOR = YES;
				GCC_WARN_UNINITIALIZED_AUTOS = YES_AGGRESSIVE;
				GCC_WARN_UNUSED_FUNCTION = YES;
				GCC_WARN_UNUSED_VARIABLE = YES;
				MACOSX_DEPLOYMENT_TARGET = 10.9;
				MTL_ENABLE_DEBUG_INFO = YES;
				ONLY_ACTIVE_ARCH = YES;
				SDKROOT = macosx;
				SWIFT_OPTIMIZATION_LEVEL = "-Onone";
			};
			name = Debug;
		};
		FC6CA03C19D622BC0054F5CA /* Release */ = {
			isa = XCBuildConfiguration;
			buildSettings = {
				ALWAYS_SEARCH_USER_PATHS = NO;
				CLANG_CXX_LANGUAGE_STANDARD = "gnu++0x";
				CLANG_CXX_LIBRARY = "libc++";
				CLANG_ENABLE_MODULES = YES;
				CLANG_ENABLE_OBJC_ARC = YES;
				CLANG_WARN_BOOL_CONVERSION = YES;
				CLANG_WARN_CONSTANT_CONVERSION = YES;
				CLANG_WARN_DIRECT_OBJC_ISA_USAGE = YES_ERROR;
				CLANG_WARN_EMPTY_BODY = YES;
				CLANG_WARN_ENUM_CONVERSION = YES;
				CLANG_WARN_INT_CONVERSION = YES;
				CLANG_WARN_OBJC_ROOT_CLASS = YES_ERROR;
				CLANG_WARN_UNREACHABLE_CODE = YES;
				CLANG_WARN__DUPLICATE_METHOD_MATCH = YES;
				COPY_PHASE_STRIP = YES;
				DEBUG_INFORMATION_FORMAT = "dwarf-with-dsym";
				ENABLE_NS_ASSERTIONS = NO;
				ENABLE_STRICT_OBJC_MSGSEND = YES;
				GCC_C_LANGUAGE_STANDARD = gnu99;
				GCC_WARN_64_TO_32_BIT_CONVERSION = YES;
				GCC_WARN_ABOUT_RETURN_TYPE = YES_ERROR;
				GCC_WARN_UNDECLARED_SELECTOR = YES;
				GCC_WARN_UNINITIALIZED_AUTOS = YES_AGGRESSIVE;
				GCC_WARN_UNUSED_FUNCTION = YES;
				GCC_WARN_UNUSED_VARIABLE = YES;
				MACOSX_DEPLOYMENT_TARGET = 10.9;
				MTL_ENABLE_DEBUG_INFO = NO;
				SDKROOT = macosx;
			};
			name = Release;
		};
		FC6CA03E19D622BC0054F5CA /* Debug */ = {
			isa = XCBuildConfiguration;
			buildSettings = {
				PRODUCT_NAME = "$(TARGET_NAME)";
			};
			name = Debug;
		};
		FC6CA03F19D622BC0054F5CA /* Release */ = {
			isa = XCBuildConfiguration;
			buildSettings = {
				PRODUCT_NAME = "$(TARGET_NAME)";
			};
			name = Release;
		};
/* End XCBuildConfiguration section */

/* Begin XCConfigurationList section */
		FC6CA03119D622BC0054F5CA /* Build configuration list for PBXProject "Chapter7Swift(QuickSort)" */ = {
			isa = XCConfigurationList;
			buildConfigurations = (
				FC6CA03B19D622BC0054F5CA /* Debug */,
				FC6CA03C19D622BC0054F5CA /* Release */,
			);
			defaultConfigurationIsVisible = 0;
			defaultConfigurationName = Release;
		};
		FC6CA03D19D622BC0054F5CA /* Build configuration list for PBXNativeTarget "Chapter7Swift(QuickSort)" */ = {
			isa = XCConfigurationList;
			buildConfigurations = (
				FC6CA03E19D622BC0054F5CA /* Debug */,
				FC6CA03F19D622BC0054F5CA /* Release */,
			);
			defaultConfigurationIsVisible = 0;
		};
/* End XCConfigurationList section */
	};
	rootObject = FC6CA02E19D622BC0054F5CA /* Project object */;
}
